
Microsoft Visual Studio Solution File, Format Version 12.00
# Visual Studio Version 16
VisualStudioVersion = 16.0.31702.278
MinimumVisualStudioVersion = 10.0.40219.1
Project("{FAE04EC0-301F-11D3-BF4B-00C04F79EFBC}") = "ArraysSortingAlgorithmes", "UvASD-Alorithmes\ArraysSortingAlgorithmes.csproj", "{22946467-6228-4955-A8A5-5326EEAEB19B}"
EndProject
Project("{FAE04EC0-301F-11D3-BF4B-00C04F79EFBC}") = "SearchingAlgorithmes", "SearchingAlgorithmes\SearchingAlgorithmes.csproj", "{D46D51E2-DDC4-430B-8CFB-DBA80D508FDB}"
EndProject
Global
	GlobalSection(SolutionConfigurationPlatforms) = preSolution
		Debug|Any CPU = Debug|Any CPU
		Release|Any CPU = Release|Any CPU
	EndGlobalSection
	GlobalSection(ProjectConfigurationPlatforms) = postSolution
		{22946467-6228-4955-A8A5-5326EEAEB19B}.Debug|Any CPU.ActiveCfg = Debug|Any CPU
		{22946467-6228-4955-A8A5-5326EEAEB19B}.Debug|Any CPU.Build.0 = Debug|Any CPU
		{22946467-6228-4955-A8A5-5326EEAEB19B}.Release|Any CPU.ActiveCfg = Release|Any CPU
		{22946467-6228-4955-A8A5-5326EEAEB19B}.Release|Any CPU.Build.0 = Release|Any CPU
		{D46D51E2-DDC4-430B-8CFB-DBA80D508FDB}.Debug|Any CPU.ActiveCfg = Debug|Any CPU
		{D46D51E2-DDC4-430B-8CFB-DBA80D508FDB}.Debug|Any CPU.Build.0 = Debug|Any CPU
		{D46D51E2-DDC4-430B-8CFB-DBA80D508FDB}.Release|Any CPU.ActiveCfg = Release|Any CPU
		{D46D51E2-DDC4-430B-8CFB-DBA80D508FDB}.Release|Any CPU.Build.0 = Release|Any CPU
	EndGlobalSection
	GlobalSection(SolutionProperties) = preSolution
		HideSolutionNode = FALSE
	EndGlobalSection
	GlobalSection(ExtensibilityGlobals) = postSolution
		SolutionGuid = {EE9FDBAE-9BFC-45A7-A982-C02E536E7CC6}
	EndGlobalSection
EndGlobal
